// !$*UTF8*$!
{
	archiveVersion = 1;
	classes = {
	};
	objectVersion = 56;
	objects = {

/* Begin PBXBuildFile section */
		13055A962AC2158F003E4B80 /* AppDelegate.swift in Sources */ = {isa = PBXBuildFile; fileRef = 13055A952AC2158F003E4B80 /* AppDelegate.swift */; };
		13055A982AC2158F003E4B80 /* SceneDelegate.swift in Sources */ = {isa = PBXBuildFile; fileRef = 13055A972AC2158F003E4B80 /* SceneDelegate.swift */; };
		13055A9A2AC2158F003E4B80 /* MainViewController.swift in Sources */ = {isa = PBXBuildFile; fileRef = 13055A992AC2158F003E4B80 /* MainViewController.swift */; };
		13055A9F2AC21590003E4B80 /* Assets.xcassets in Resources */ = {isa = PBXBuildFile; fileRef = 13055A9E2AC21590003E4B80 /* Assets.xcassets */; };
		13055AA22AC21590003E4B80 /* LaunchScreen.storyboard in Resources */ = {isa = PBXBuildFile; fileRef = 13055AA02AC21590003E4B80 /* LaunchScreen.storyboard */; };
		13055AAF2AC21A9E003E4B80 /* MainViewController + TableView.swift in Sources */ = {isa = PBXBuildFile; fileRef = 13055AAE2AC21A9E003E4B80 /* MainViewController + TableView.swift */; };
		13055AB12AC21B79003E4B80 /* MainViewModel.swift in Sources */ = {isa = PBXBuildFile; fileRef = 13055AB02AC21B79003E4B80 /* MainViewModel.swift */; };
		136748A12AC2B3E10048E4D1 /* EndPoint.swift in Sources */ = {isa = PBXBuildFile; fileRef = 136748A02AC2B3E10048E4D1 /* EndPoint.swift */; };
		136748A32AC2B5500048E4D1 /* Users.swift in Sources */ = {isa = PBXBuildFile; fileRef = 136748A22AC2B5500048E4D1 /* Users.swift */; };
		136748A62AC2B9670048E4D1 /* URLSession + Extensions.swift in Sources */ = {isa = PBXBuildFile; fileRef = 136748A52AC2B9670048E4D1 /* URLSession + Extensions.swift */; };
		136748A82AC2BB270048E4D1 /* NetworkError.swift in Sources */ = {isa = PBXBuildFile; fileRef = 136748A72AC2BB270048E4D1 /* NetworkError.swift */; };
		136748AA2AC2BB720048E4D1 /* NetworkRequest.swift in Sources */ = {isa = PBXBuildFile; fileRef = 136748A92AC2BB720048E4D1 /* NetworkRequest.swift */; };
		13CF15B32AC5655A00E352D2 /* Observable.swift in Sources */ = {isa = PBXBuildFile; fileRef = 13CF15B22AC5655A00E352D2 /* Observable.swift */; };
		13CF15B52AC5AD4200E352D2 /* MainCell.swift in Sources */ = {isa = PBXBuildFile; fileRef = 13CF15B42AC5AD4200E352D2 /* MainCell.swift */; };
		13CF15B72AC5B6D800E352D2 /* MainCellViewModel.swift in Sources */ = {isa = PBXBuildFile; fileRef = 13CF15B62AC5B6D800E352D2 /* MainCellViewModel.swift */; };
		13D5BAD92AC41B21002ADD24 /* NetworkDataFetch.swift in Sources */ = {isa = PBXBuildFile; fileRef = 13D5BAD82AC41B21002ADD24 /* NetworkDataFetch.swift */; };
/* End PBXBuildFile section */

/* Begin PBXFileReference section */
		13055A922AC2158F003E4B80 /* UsersList.app */ = {isa = PBXFileReference; explicitFileType = wrapper.application; includeInIndex = 0; path = UsersList.app; sourceTree = BUILT_PRODUCTS_DIR; };
		13055A952AC2158F003E4B80 /* AppDelegate.swift */ = {isa = PBXFileReference; lastKnownFileType = sourcecode.swift; path = AppDelegate.swift; sourceTree = "<group>"; };
		13055A972AC2158F003E4B80 /* SceneDelegate.swift */ = {isa = PBXFileReference; lastKnownFileType = sourcecode.swift; path = SceneDelegate.swift; sourceTree = "<group>"; };
		13055A992AC2158F003E4B80 /* MainViewController.swift */ = {isa = PBXFileReference; lastKnownFileType = sourcecode.swift; path = MainViewController.swift; sourceTree = "<group>"; };
		13055A9E2AC21590003E4B80 /* Assets.xcassets */ = {isa = PBXFileReference; lastKnownFileType = folder.assetcatalog; path = Assets.xcassets; sourceTree = "<group>"; };
		13055AA12AC21590003E4B80 /* Base */ = {isa = PBXFileReference; lastKnownFileType = file.storyboard; name = Base; path = Base.lproj/LaunchScreen.storyboard; sourceTree = "<group>"; };
		13055AA32AC21590003E4B80 /* Info.plist */ = {isa = PBXFileReference; lastKnownFileType = text.plist.xml; path = Info.plist; sourceTree = "<group>"; };
		13055AAE2AC21A9E003E4B80 /* MainViewController + TableView.swift */ = {isa = PBXFileReference; lastKnownFileType = sourcecode.swift; path = "MainViewController + TableView.swift"; sourceTree = "<group>"; };
		13055AB02AC21B79003E4B80 /* MainViewModel.swift */ = {isa = PBXFileReference; lastKnownFileType = sourcecode.swift; path = MainViewModel.swift; sourceTree = "<group>"; };
		136748A02AC2B3E10048E4D1 /* EndPoint.swift */ = {isa = PBXFileReference; lastKnownFileType = sourcecode.swift; path = EndPoint.swift; sourceTree = "<group>"; };
		136748A22AC2B5500048E4D1 /* Users.swift */ = {isa = PBXFileReference; lastKnownFileType = sourcecode.swift; path = Users.swift; sourceTree = "<group>"; };
		136748A52AC2B9670048E4D1 /* URLSession + Extensions.swift */ = {isa = PBXFileReference; lastKnownFileType = sourcecode.swift; path = "URLSession + Extensions.swift"; sourceTree = "<group>"; };
		136748A72AC2BB270048E4D1 /* NetworkError.swift */ = {isa = PBXFileReference; lastKnownFileType = sourcecode.swift; path = NetworkError.swift; sourceTree = "<group>"; };
		136748A92AC2BB720048E4D1 /* NetworkRequest.swift */ = {isa = PBXFileReference; lastKnownFileType = sourcecode.swift; path = NetworkRequest.swift; sourceTree = "<group>"; };
		13CF15B22AC5655A00E352D2 /* Observable.swift */ = {isa = PBXFileReference; lastKnownFileType = sourcecode.swift; path = Observable.swift; sourceTree = "<group>"; };
		13CF15B42AC5AD4200E352D2 /* MainCell.swift */ = {isa = PBXFileReference; lastKnownFileType = sourcecode.swift; path = MainCell.swift; sourceTree = "<group>"; };
		13CF15B62AC5B6D800E352D2 /* MainCellViewModel.swift */ = {isa = PBXFileReference; lastKnownFileType = sourcecode.swift; path = MainCellViewModel.swift; sourceTree = "<group>"; };
		13D5BAD82AC41B21002ADD24 /* NetworkDataFetch.swift */ = {isa = PBXFileReference; lastKnownFileType = sourcecode.swift; path = NetworkDataFetch.swift; sourceTree = "<group>"; };
/* End PBXFileReference section */

/* Begin PBXFrameworksBuildPhase section */
		13055A8F2AC2158F003E4B80 /* Frameworks */ = {
			isa = PBXFrameworksBuildPhase;
			buildActionMask = 2147483647;
			files = (
			);
			runOnlyForDeploymentPostprocessing = 0;
		};
/* End PBXFrameworksBuildPhase section */

/* Begin PBXGroup section */
		13055A892AC2158F003E4B80 = {
			isa = PBXGroup;
			children = (
				13055A942AC2158F003E4B80 /* UsersList */,
				13055A932AC2158F003E4B80 /* Products */,
			);
			sourceTree = "<group>";
		};
		13055A932AC2158F003E4B80 /* Products */ = {
			isa = PBXGroup;
			children = (
				13055A922AC2158F003E4B80 /* UsersList.app */,
			);
			name = Products;
			sourceTree = "<group>";
		};
		13055A942AC2158F003E4B80 /* UsersList */ = {
			isa = PBXGroup;
			children = (
				13055AA92AC217BA003E4B80 /* Application */,
				13055AAC2AC217E4003E4B80 /* Models */,
				13055AAA2AC217D5003E4B80 /* Views */,
				13055AAB2AC217DA003E4B80 /* ViewModel */,
				1367489F2AC2B3AC0048E4D1 /* Network */,
				13CF15B12AC5654100E352D2 /* Helpers */,
				136748A42AC2B94C0048E4D1 /* Extensions */,
				13055AAD2AC217F0003E4B80 /* Supporting Files */,
			);
			path = UsersList;
			sourceTree = "<group>";
		};
		13055AA92AC217BA003E4B80 /* Application */ = {
			isa = PBXGroup;
			children = (
				13055A952AC2158F003E4B80 /* AppDelegate.swift */,
				13055A972AC2158F003E4B80 /* SceneDelegate.swift */,
			);
			path = Application;
			sourceTree = "<group>";
		};
		13055AAA2AC217D5003E4B80 /* Views */ = {
			isa = PBXGroup;
			children = (
				13055A992AC2158F003E4B80 /* MainViewController.swift */,
				13055AAE2AC21A9E003E4B80 /* MainViewController + TableView.swift */,
				13CF15B42AC5AD4200E352D2 /* MainCell.swift */,
			);
			path = Views;
			sourceTree = "<group>";
		};
		13055AAB2AC217DA003E4B80 /* ViewModel */ = {
			isa = PBXGroup;
			children = (
				13055AB02AC21B79003E4B80 /* MainViewModel.swift */,
				13CF15B62AC5B6D800E352D2 /* MainCellViewModel.swift */,
			);
			path = ViewModel;
			sourceTree = "<group>";
		};
		13055AAC2AC217E4003E4B80 /* Models */ = {
			isa = PBXGroup;
			children = (
				136748A22AC2B5500048E4D1 /* Users.swift */,
			);
			path = Models;
			sourceTree = "<group>";
		};
		13055AAD2AC217F0003E4B80 /* Supporting Files */ = {
			isa = PBXGroup;
			children = (
				13055A9E2AC21590003E4B80 /* Assets.xcassets */,
				13055AA02AC21590003E4B80 /* LaunchScreen.storyboard */,
				13055AA32AC21590003E4B80 /* Info.plist */,
			);
			path = "Supporting Files";
			sourceTree = "<group>";
		};
		1367489F2AC2B3AC0048E4D1 /* Network */ = {
			isa = PBXGroup;
			children = (
				136748A02AC2B3E10048E4D1 /* EndPoint.swift */,
				136748A72AC2BB270048E4D1 /* NetworkError.swift */,
				136748A92AC2BB720048E4D1 /* NetworkRequest.swift */,
				13D5BAD82AC41B21002ADD24 /* NetworkDataFetch.swift */,
			);
			path = Network;
			sourceTree = "<group>";
		};
		136748A42AC2B94C0048E4D1 /* Extensions */ = {
			isa = PBXGroup;
			children = (
				136748A52AC2B9670048E4D1 /* URLSession + Extensions.swift */,
			);
			path = Extensions;
			sourceTree = "<group>";
		};
		13CF15B12AC5654100E352D2 /* Helpers */ = {
			isa = PBXGroup;
			children = (
				13CF15B22AC5655A00E352D2 /* Observable.swift */,
			);
			path = Helpers;
			sourceTree = "<group>";
		};
/* End PBXGroup section */

/* Begin PBXNativeTarget section */
		13055A912AC2158F003E4B80 /* UsersList */ = {
			isa = PBXNativeTarget;
			buildConfigurationList = 13055AA62AC21590003E4B80 /* Build configuration list for PBXNativeTarget "UsersList" */;
			buildPhases = (
				13055A8E2AC2158F003E4B80 /* Sources */,
				13055A8F2AC2158F003E4B80 /* Frameworks */,
				13055A902AC2158F003E4B80 /* Resources */,
			);
			buildRules = (
			);
			dependencies = (
			);
			name = UsersList;
			productName = UsersList;
			productReference = 13055A922AC2158F003E4B80 /* UsersList.app */;
			productType = "com.apple.product-type.application";
		};
/* End PBXNativeTarget section */

/* Begin PBXProject section */
		13055A8A2AC2158F003E4B80 /* Project object */ = {
			isa = PBXProject;
			attributes = {
				BuildIndependentTargetsInParallel = 1;
				LastSwiftUpdateCheck = 1400;
				LastUpgradeCheck = 1400;
				TargetAttributes = {
					13055A912AC2158F003E4B80 = {
						CreatedOnToolsVersion = 14.0.1;
					};
				};
			};
			buildConfigurationList = 13055A8D2AC2158F003E4B80 /* Build configuration list for PBXProject "UsersList" */;
			compatibilityVersion = "Xcode 14.0";
			developmentRegion = en;
			hasScannedForEncodings = 0;
			knownRegions = (
				en,
				Base,
			);
			mainGroup = 13055A892AC2158F003E4B80;
			productRefGroup = 13055A932AC2158F003E4B80 /* Products */;
			projectDirPath = "";
			projectRoot = "";
			targets = (
				13055A912AC2158F003E4B80 /* UsersList */,
			);
		};
/* End PBXProject section */

/* Begin PBXResourcesBuildPhase section */
		13055A902AC2158F003E4B80 /* Resources */ = {
			isa = PBXResourcesBuildPhase;
			buildActionMask = 2147483647;
			files = (
				13055AA22AC21590003E4B80 /* LaunchScreen.storyboard in Resources */,
				13055A9F2AC21590003E4B80 /* Assets.xcassets in Resources */,
			);
			runOnlyForDeploymentPostprocessing = 0;
		};
/* End PBXResourcesBuildPhase section */

/* Begin PBXSourcesBuildPhase section */
		13055A8E2AC2158F003E4B80 /* Sources */ = {
			isa = PBXSourcesBuildPhase;
			buildActionMask = 2147483647;
			files = (
				136748A12AC2B3E10048E4D1 /* EndPoint.swift in Sources */,
				13055AB12AC21B79003E4B80 /* MainViewModel.swift in Sources */,
				136748A62AC2B9670048E4D1 /* URLSession + Extensions.swift in Sources */,
				13CF15B72AC5B6D800E352D2 /* MainCellViewModel.swift in Sources */,
				13055A9A2AC2158F003E4B80 /* MainViewController.swift in Sources */,
				13CF15B32AC5655A00E352D2 /* Observable.swift in Sources */,
				13CF15B52AC5AD4200E352D2 /* MainCell.swift in Sources */,
				136748AA2AC2BB720048E4D1 /* NetworkRequest.swift in Sources */,
				13055AAF2AC21A9E003E4B80 /* MainViewController + TableView.swift in Sources */,
				13055A962AC2158F003E4B80 /* AppDelegate.swift in Sources */,
				13D5BAD92AC41B21002ADD24 /* NetworkDataFetch.swift in Sources */,
				136748A82AC2BB270048E4D1 /* NetworkError.swift in Sources */,
				13055A982AC2158F003E4B80 /* SceneDelegate.swift in Sources */,
				136748A32AC2B5500048E4D1 /* Users.swift in Sources */,
			);
			runOnlyForDeploymentPostprocessing = 0;
		};
/* End PBXSourcesBuildPhase section */

/* Begin PBXVariantGroup section */
		13055AA02AC21590003E4B80 /* LaunchScreen.storyboard */ = {
			isa = PBXVariantGroup;
			children = (
				13055AA12AC21590003E4B80 /* Base */,
			);
			name = LaunchScreen.storyboard;
			sourceTree = "<group>";
		};
/* End PBXVariantGroup section */

/* Begin XCBuildConfiguration section */
		13055AA42AC21590003E4B80 /* Debug */ = {
			isa = XCBuildConfiguration;
			buildSettings = {
				ALWAYS_SEARCH_USER_PATHS = NO;
				CLANG_ANALYZER_NONNULL = YES;
				CLANG_ANALYZER_NUMBER_OBJECT_CONVERSION = YES_AGGRESSIVE;
				CLANG_CXX_LANGUAGE_STANDARD = "gnu++20";
				CLANG_ENABLE_MODULES = YES;
				CLANG_ENABLE_OBJC_ARC = YES;
				CLANG_ENABLE_OBJC_WEAK = YES;
				CLANG_WARN_BLOCK_CAPTURE_AUTORELEASING = YES;
				CLANG_WARN_BOOL_CONVERSION = YES;
				CLANG_WARN_COMMA = YES;
				CLANG_WARN_CONSTANT_CONVERSION = YES;
				CLANG_WARN_DEPRECATED_OBJC_IMPLEMENTATIONS = YES;
				CLANG_WARN_DIRECT_OBJC_ISA_USAGE = YES_ERROR;
				CLANG_WARN_DOCUMENTATION_COMMENTS = YES;
				CLANG_WARN_EMPTY_BODY = YES;
				CLANG_WARN_ENUM_CONVERSION = YES;
				CLANG_WARN_INFINITE_RECURSION = YES;
				CLANG_WARN_INT_CONVERSION = YES;
				CLANG_WARN_NON_LITERAL_NULL_CONVERSION = YES;
				CLANG_WARN_OBJC_IMPLICIT_RETAIN_SELF = YES;
				CLANG_WARN_OBJC_LITERAL_CONVERSION = YES;
				CLANG_WARN_OBJC_ROOT_CLASS = YES_ERROR;
				CLANG_WARN_QUOTED_INCLUDE_IN_FRAMEWORK_HEADER = YES;
				CLANG_WARN_RANGE_LOOP_ANALYSIS = YES;
				CLANG_WARN_STRICT_PROTOTYPES = YES;
				CLANG_WARN_SUSPICIOUS_MOVE = YES;
				CLANG_WARN_UNGUARDED_AVAILABILITY = YES_AGGRESSIVE;
				CLANG_WARN_UNREACHABLE_CODE = YES;
				CLANG_WARN__DUPLICATE_METHOD_MATCH = YES;
				COPY_PHASE_STRIP = NO;
				DEBUG_INFORMATION_FORMAT = dwarf;
				ENABLE_STRICT_OBJC_MSGSEND = YES;
				ENABLE_TESTABILITY = YES;
				GCC_C_LANGUAGE_STANDARD = gnu11;
				GCC_DYNAMIC_NO_PIC = NO;
				GCC_NO_COMMON_BLOCKS = YES;
				GCC_OPTIMIZATION_LEVEL = 0;
				GCC_PREPROCESSOR_DEFINITIONS = (
					"DEBUG=1",
					"$(inherited)",
				);
				GCC_WARN_64_TO_32_BIT_CONVERSION = YES;
				GCC_WARN_ABOUT_RETURN_TYPE = YES_ERROR;
				GCC_WARN_UNDECLARED_SELECTOR = YES;
				GCC_WARN_UNINITIALIZED_AUTOS = YES_AGGRESSIVE;
				GCC_WARN_UNUSED_FUNCTION = YES;
				GCC_WARN_UNUSED_VARIABLE = YES;
				IPHONEOS_DEPLOYMENT_TARGET = 16.0;
				MTL_ENABLE_DEBUG_INFO = INCLUDE_SOURCE;
				MTL_FAST_MATH = YES;
				ONLY_ACTIVE_ARCH = YES;
				SDKROOT = iphoneos;
				SWIFT_ACTIVE_COMPILATION_CONDITIONS = DEBUG;
				SWIFT_OPTIMIZATION_LEVEL = "-Onone";
			};
			name = Debug;
		};
		13055AA52AC21590003E4B80 /* Release */ = {
			isa = XCBuildConfiguration;
			buildSettings = {
				ALWAYS_SEARCH_USER_PATHS = NO;
				CLANG_ANALYZER_NONNULL = YES;
				CLANG_ANALYZER_NUMBER_OBJECT_CONVERSION = YES_AGGRESSIVE;
				CLANG_CXX_LANGUAGE_STANDARD = "gnu++20";
				CLANG_ENABLE_MODULES = YES;
				CLANG_ENABLE_OBJC_ARC = YES;
				CLANG_ENABLE_OBJC_WEAK = YES;
				CLANG_WARN_BLOCK_CAPTURE_AUTORELEASING = YES;
				CLANG_WARN_BOOL_CONVERSION = YES;
				CLANG_WARN_COMMA = YES;
				CLANG_WARN_CONSTANT_CONVERSION = YES;
				CLANG_WARN_DEPRECATED_OBJC_IMPLEMENTATIONS = YES;
				CLANG_WARN_DIRECT_OBJC_ISA_USAGE = YES_ERROR;
				CLANG_WARN_DOCUMENTATION_COMMENTS = YES;
				CLANG_WARN_EMPTY_BODY = YES;
				CLANG_WARN_ENUM_CONVERSION = YES;
				CLANG_WARN_INFINITE_RECURSION = YES;
				CLANG_WARN_INT_CONVERSION = YES;
				CLANG_WARN_NON_LITERAL_NULL_CONVERSION = YES;
				CLANG_WARN_OBJC_IMPLICIT_RETAIN_SELF = YES;
				CLANG_WARN_OBJC_LITERAL_CONVERSION = YES;
				CLANG_WARN_OBJC_ROOT_CLASS = YES_ERROR;
				CLANG_WARN_QUOTED_INCLUDE_IN_FRAMEWORK_HEADER = YES;
				CLANG_WARN_RANGE_LOOP_ANALYSIS = YES;
				CLANG_WARN_STRICT_PROTOTYPES = YES;
				CLANG_WARN_SUSPICIOUS_MOVE = YES;
				CLANG_WARN_UNGUARDED_AVAILABILITY = YES_AGGRESSIVE;
				CLANG_WARN_UNREACHABLE_CODE = YES;
				CLANG_WARN__DUPLICATE_METHOD_MATCH = YES;
				COPY_PHASE_STRIP = NO;
				DEBUG_INFORMATION_FORMAT = "dwarf-with-dsym";
				ENABLE_NS_ASSERTIONS = NO;
				ENABLE_STRICT_OBJC_MSGSEND = YES;
				GCC_C_LANGUAGE_STANDARD = gnu11;
				GCC_NO_COMMON_BLOCKS = YES;
				GCC_WARN_64_TO_32_BIT_CONVERSION = YES;
				GCC_WARN_ABOUT_RETURN_TYPE = YES_ERROR;
				GCC_WARN_UNDECLARED_SELECTOR = YES;
				GCC_WARN_UNINITIALIZED_AUTOS = YES_AGGRESSIVE;
				GCC_WARN_UNUSED_FUNCTION = YES;
				GCC_WARN_UNUSED_VARIABLE = YES;
				IPHONEOS_DEPLOYMENT_TARGET = 16.0;
				MTL_ENABLE_DEBUG_INFO = NO;
				MTL_FAST_MATH = YES;
				SDKROOT = iphoneos;
				SWIFT_COMPILATION_MODE = wholemodule;
				SWIFT_OPTIMIZATION_LEVEL = "-O";
				VALIDATE_PRODUCT = YES;
			};
			name = Release;
		};
		13055AA72AC21590003E4B80 /* Debug */ = {
			isa = XCBuildConfiguration;
			buildSettings = {
				ASSETCATALOG_COMPILER_APPICON_NAME = AppIcon;
				ASSETCATALOG_COMPILER_GLOBAL_ACCENT_COLOR_NAME = AccentColor;
				CODE_SIGN_STYLE = Automatic;
				CURRENT_PROJECT_VERSION = 1;
				DEVELOPMENT_TEAM = B59JHR63KH;
				GENERATE_INFOPLIST_FILE = YES;
				INFOPLIST_FILE = "UsersList/Supporting Files/Info.plist";
				INFOPLIST_KEY_UIApplicationSupportsIndirectInputEvents = YES;
				INFOPLIST_KEY_UILaunchStoryboardName = LaunchScreen;
				INFOPLIST_KEY_UISupportedInterfaceOrientations_iPad = "UIInterfaceOrientationPortrait UIInterfaceOrientationPortraitUpsideDown UIInterfaceOrientationLandscapeLeft UIInterfaceOrientationLandscapeRight";
				INFOPLIST_KEY_UISupportedInterfaceOrientations_iPhone = "UIInterfaceOrientationPortrait UIInterfaceOrientationLandscapeLeft UIInterfaceOrientationLandscapeRight";
				LD_RUNPATH_SEARCH_PATHS = (
					"$(inherited)",
					"@executable_path/Frameworks",
				);
				MARKETING_VERSION = 1.0;
				PRODUCT_BUNDLE_IDENTIFIER = ns.UsersList;
				PRODUCT_NAME = "$(TARGET_NAME)";
				SWIFT_EMIT_LOC_STRINGS = YES;
				SWIFT_VERSION = 5.0;
				TARGETED_DEVICE_FAMILY = "1,2";
			};
			name = Debug;
		};
		13055AA82AC21590003E4B80 /* Release */ = {
			isa = XCBuildConfiguration;
			buildSettings = {
				ASSETCATALOG_COMPILER_APPICON_NAME = AppIcon;
				ASSETCATALOG_COMPILER_GLOBAL_ACCENT_COLOR_NAME = AccentColor;
				CODE_SIGN_STYLE = Automatic;
				CURRENT_PROJECT_VERSION = 1;
				DEVELOPMENT_TEAM = B59JHR63KH;
				GENERATE_INFOPLIST_FILE = YES;
				INFOPLIST_FILE = "UsersList/Supporting Files/Info.plist";
				INFOPLIST_KEY_UIApplicationSupportsIndirectInputEvents = YES;
				INFOPLIST_KEY_UILaunchStoryboardName = LaunchScreen;
				INFOPLIST_KEY_UISupportedInterfaceOrientations_iPad = "UIInterfaceOrientationPortrait UIInterfaceOrientationPortraitUpsideDown UIInterfaceOrientationLandscapeLeft UIInterfaceOrientationLandscapeRight";
				INFOPLIST_KEY_UISupportedInterfaceOrientations_iPhone = "UIInterfaceOrientationPortrait UIInterfaceOrientationLandscapeLeft UIInterfaceOrientationLandscapeRight";
				LD_RUNPATH_SEARCH_PATHS = (
					"$(inherited)",
					"@executable_path/Frameworks",
				);
				MARKETING_VERSION = 1.0;
				PRODUCT_BUNDLE_IDENTIFIER = ns.UsersList;
				PRODUCT_NAME = "$(TARGET_NAME)";
				SWIFT_EMIT_LOC_STRINGS = YES;
				SWIFT_VERSION = 5.0;
				TARGETED_DEVICE_FAMILY = "1,2";
			};
			name = Release;
		};
/* End XCBuildConfiguration section */

/* Begin XCConfigurationList section */
		13055A8D2AC2158F003E4B80 /* Build configuration list for PBXProject "UsersList" */ = {
			isa = XCConfigurationList;
			buildConfigurations = (
				13055AA42AC21590003E4B80 /* Debug */,
				13055AA52AC21590003E4B80 /* Release */,
			);
			defaultConfigurationIsVisible = 0;
			defaultConfigurationName = Release;
		};
		13055AA62AC21590003E4B80 /* Build configuration list for PBXNativeTarget "UsersList" */ = {
			isa = XCConfigurationList;
			buildConfigurations = (
				13055AA72AC21590003E4B80 /* Debug */,
				13055AA82AC21590003E4B80 /* Release */,
			);
			defaultConfigurationIsVisible = 0;
			defaultConfigurationName = Release;
		};
/* End XCConfigurationList section */
	};
	rootObject = 13055A8A2AC2158F003E4B80 /* Project object */;
}
